// !$*UTF8*$!
{
	archiveVersion = 1;
	classes = {
	};
	objectVersion = 46;
	objects = {

/* Begin PBXBuildFile section */
		D31BEEF91A0ACD7C00E18F8D /* AppDelegate.swift in Sources */ = {isa = PBXBuildFile; fileRef = D31BEEF81A0ACD7C00E18F8D /* AppDelegate.swift */; };
		D31BEEFB1A0ACD7C00E18F8D /* ViewController.swift in Sources */ = {isa = PBXBuildFile; fileRef = D31BEEFA1A0ACD7C00E18F8D /* ViewController.swift */; };
		D31BEEFE1A0ACD7C00E18F8D /* Main.storyboard in Resources */ = {isa = PBXBuildFile; fileRef = D31BEEFC1A0ACD7C00E18F8D /* Main.storyboard */; };
		D31BEF001A0ACD7C00E18F8D /* Images.xcassets in Resources */ = {isa = PBXBuildFile; fileRef = D31BEEFF1A0ACD7C00E18F8D /* Images.xcassets */; };
		D31BEF031A0ACD7C00E18F8D /* LaunchScreen.xib in Resources */ = {isa = PBXBuildFile; fileRef = D31BEF011A0ACD7C00E18F8D /* LaunchScreen.xib */; };
		D31BEF0F1A0ACD7C00E18F8D /* OCR_DemoTests.swift in Sources */ = {isa = PBXBuildFile; fileRef = D31BEF0E1A0ACD7C00E18F8D /* OCR_DemoTests.swift */; };
/* End PBXBuildFile section */

/* Begin PBXContainerItemProxy section */
		D31BEF091A0ACD7C00E18F8D /* PBXContainerItemProxy */ = {
			isa = PBXContainerItemProxy;
			containerPortal = D31BEEEB1A0ACD7C00E18F8D /* Project object */;
			proxyType = 1;
			remoteGlobalIDString = D31BEEF21A0ACD7C00E18F8D;
			remoteInfo = "OCR Demo";
		};
/* End PBXContainerItemProxy section */

/* Begin PBXFileReference section */
		D31BEEF31A0ACD7C00E18F8D /* OCR Demo.app */ = {isa = PBXFileReference; explicitFileType = wrapper.application; includeInIndex = 0; path = "OCR Demo.app"; sourceTree = BUILT_PRODUCTS_DIR; };
		D31BEEF71A0ACD7C00E18F8D /* Info.plist */ = {isa = PBXFileReference; lastKnownFileType = text.plist.xml; path = Info.plist; sourceTree = "<group>"; };
		D31BEEF81A0ACD7C00E18F8D /* AppDelegate.swift */ = {isa = PBXFileReference; lastKnownFileType = sourcecode.swift; path = AppDelegate.swift; sourceTree = "<group>"; };
		D31BEEFA1A0ACD7C00E18F8D /* ViewController.swift */ = {isa = PBXFileReference; lastKnownFileType = sourcecode.swift; path = ViewController.swift; sourceTree = "<group>"; };
		D31BEEFD1A0ACD7C00E18F8D /* Base */ = {isa = PBXFileReference; lastKnownFileType = file.storyboard; name = Base; path = Base.lproj/Main.storyboard; sourceTree = "<group>"; };
		D31BEEFF1A0ACD7C00E18F8D /* Images.xcassets */ = {isa = PBXFileReference; lastKnownFileType = folder.assetcatalog; path = Images.xcassets; sourceTree = "<group>"; };
		D31BEF021A0ACD7C00E18F8D /* Base */ = {isa = PBXFileReference; lastKnownFileType = file.xib; name = Base; path = Base.lproj/LaunchScreen.xib; sourceTree = "<group>"; };
		D31BEF081A0ACD7C00E18F8D /* OCR DemoTests.xctest */ = {isa = PBXFileReference; explicitFileType = wrapper.cfbundle; includeInIndex = 0; path = "OCR DemoTests.xctest"; sourceTree = BUILT_PRODUCTS_DIR; };
		D31BEF0D1A0ACD7C00E18F8D /* Info.plist */ = {isa = PBXFileReference; lastKnownFileType = text.plist.xml; path = Info.plist; sourceTree = "<group>"; };
		D31BEF0E1A0ACD7C00E18F8D /* OCR_DemoTests.swift */ = {isa = PBXFileReference; lastKnownFileType = sourcecode.swift; path = OCR_DemoTests.swift; sourceTree = "<group>"; };
/* End PBXFileReference section */

/* Begin PBXFrameworksBuildPhase section */
		D31BEEF01A0ACD7C00E18F8D /* Frameworks */ = {
			isa = PBXFrameworksBuildPhase;
			buildActionMask = 2147483647;
			files = (
			);
			runOnlyForDeploymentPostprocessing = 0;
		};
		D31BEF051A0ACD7C00E18F8D /* Frameworks */ = {
			isa = PBXFrameworksBuildPhase;
			buildActionMask = 2147483647;
			files = (
			);
			runOnlyForDeploymentPostprocessing = 0;
		};
/* End PBXFrameworksBuildPhase section */

/* Begin PBXGroup section */
		D31BEEEA1A0ACD7C00E18F8D = {
			isa = PBXGroup;
			children = (
				D31BEEF51A0ACD7C00E18F8D /* OCR Demo */,
				D31BEF0B1A0ACD7C00E18F8D /* OCR DemoTests */,
				D31BEEF41A0ACD7C00E18F8D /* Products */,
			);
			sourceTree = "<group>";
		};
		D31BEEF41A0ACD7C00E18F8D /* Products */ = {
			isa = PBXGroup;
			children = (
				D31BEEF31A0ACD7C00E18F8D /* OCR Demo.app */,
				D31BEF081A0ACD7C00E18F8D /* OCR DemoTests.xctest */,
			);
			name = Products;
			sourceTree = "<group>";
		};
		D31BEEF51A0ACD7C00E18F8D /* OCR Demo */ = {
			isa = PBXGroup;
			children = (
				D31BEEF81A0ACD7C00E18F8D /* AppDelegate.swift */,
				D31BEEFA1A0ACD7C00E18F8D /* ViewController.swift */,
				D31BEEFC1A0ACD7C00E18F8D /* Main.storyboard */,
				D31BEEFF1A0ACD7C00E18F8D /* Images.xcassets */,
				D31BEF011A0ACD7C00E18F8D /* LaunchScreen.xib */,
				D31BEEF61A0ACD7C00E18F8D /* Supporting Files */,
			);
			path = "OCR Demo";
			sourceTree = "<group>";
		};
		D31BEEF61A0ACD7C00E18F8D /* Supporting Files */ = {
			isa = PBXGroup;
			children = (
				D31BEEF71A0ACD7C00E18F8D /* Info.plist */,
			);
			name = "Supporting Files";
			sourceTree = "<group>";
		};
		D31BEF0B1A0ACD7C00E18F8D /* OCR DemoTests */ = {
			isa = PBXGroup;
			children = (
				D31BEF0E1A0ACD7C00E18F8D /* OCR_DemoTests.swift */,
				D31BEF0C1A0ACD7C00E18F8D /* Supporting Files */,
			);
			path = "OCR DemoTests";
			sourceTree = "<group>";
		};
		D31BEF0C1A0ACD7C00E18F8D /* Supporting Files */ = {
			isa = PBXGroup;
			children = (
				D31BEF0D1A0ACD7C00E18F8D /* Info.plist */,
			);
			name = "Supporting Files";
			sourceTree = "<group>";
		};
/* End PBXGroup section */

/* Begin PBXNativeTarget section */
		D31BEEF21A0ACD7C00E18F8D /* OCR Demo */ = {
			isa = PBXNativeTarget;
			buildConfigurationList = D31BEF121A0ACD7C00E18F8D /* Build configuration list for PBXNativeTarget "OCR Demo" */;
			buildPhases = (
				D31BEEEF1A0ACD7C00E18F8D /* Sources */,
				D31BEEF01A0ACD7C00E18F8D /* Frameworks */,
				D31BEEF11A0ACD7C00E18F8D /* Resources */,
			);
			buildRules = (
			);
			dependencies = (
			);
			name = "OCR Demo";
			productName = "OCR Demo";
			productReference = D31BEEF31A0ACD7C00E18F8D /* OCR Demo.app */;
			productType = "com.apple.product-type.application";
		};
		D31BEF071A0ACD7C00E18F8D /* OCR DemoTests */ = {
			isa = PBXNativeTarget;
			buildConfigurationList = D31BEF151A0ACD7C00E18F8D /* Build configuration list for PBXNativeTarget "OCR DemoTests" */;
			buildPhases = (
				D31BEF041A0ACD7C00E18F8D /* Sources */,
				D31BEF051A0ACD7C00E18F8D /* Frameworks */,
				D31BEF061A0ACD7C00E18F8D /* Resources */,
			);
			buildRules = (
			);
			dependencies = (
				D31BEF0A1A0ACD7C00E18F8D /* PBXTargetDependency */,
			);
			name = "OCR DemoTests";
			productName = "OCR DemoTests";
			productReference = D31BEF081A0ACD7C00E18F8D /* OCR DemoTests.xctest */;
			productType = "com.apple.product-type.bundle.unit-test";
		};
/* End PBXNativeTarget section */

/* Begin PBXProject section */
		D31BEEEB1A0ACD7C00E18F8D /* Project object */ = {
			isa = PBXProject;
			attributes = {
				LastUpgradeCheck = 0610;
				ORGANIZATIONNAME = polat;
				TargetAttributes = {
					D31BEEF21A0ACD7C00E18F8D = {
						CreatedOnToolsVersion = 6.1;
					};
					D31BEF071A0ACD7C00E18F8D = {
						CreatedOnToolsVersion = 6.1;
						TestTargetID = D31BEEF21A0ACD7C00E18F8D;
					};
				};
			};
			buildConfigurationList = D31BEEEE1A0ACD7C00E18F8D /* Build configuration list for PBXProject "OCR Demo" */;
			compatibilityVersion = "Xcode 3.2";
			developmentRegion = English;
			hasScannedForEncodings = 0;
			knownRegions = (
				en,
				Base,
			);
			mainGroup = D31BEEEA1A0ACD7C00E18F8D;
			productRefGroup = D31BEEF41A0ACD7C00E18F8D /* Products */;
			projectDirPath = "";
			projectRoot = "";
			targets = (
				D31BEEF21A0ACD7C00E18F8D /* OCR Demo */,
				D31BEF071A0ACD7C00E18F8D /* OCR DemoTests */,
			);
		};
/* End PBXProject section */

/* Begin PBXResourcesBuildPhase section */
		D31BEEF11A0ACD7C00E18F8D /* Resources */ = {
			isa = PBXResourcesBuildPhase;
			buildActionMask = 2147483647;
			files = (
				D31BEEFE1A0ACD7C00E18F8D /* Main.storyboard in Resources */,
				D31BEF031A0ACD7C00E18F8D /* LaunchScreen.xib in Resources */,
				D31BEF001A0ACD7C00E18F8D /* Images.xcassets in Resources */,
			);
			runOnlyForDeploymentPostprocessing = 0;
		};
		D31BEF061A0ACD7C00E18F8D /* Resources */ = {
			isa = PBXResourcesBuildPhase;
			buildActionMask = 2147483647;
			files = (
			);
			runOnlyForDeploymentPostprocessing = 0;
		};
/* End PBXResourcesBuildPhase section */

/* Begin PBXSourcesBuildPhase section */
		D31BEEEF1A0ACD7C00E18F8D /* Sources */ = {
			isa = PBXSourcesBuildPhase;
			buildActionMask = 2147483647;
			files = (
				D31BEEFB1A0ACD7C00E18F8D /* ViewController.swift in Sources */,
				D31BEEF91A0ACD7C00E18F8D /* AppDelegate.swift in Sources */,
			);
			runOnlyForDeploymentPostprocessing = 0;
		};
		D31BEF041A0ACD7C00E18F8D /* Sources */ = {
			isa = PBXSourcesBuildPhase;
			buildActionMask = 2147483647;
			files = (
				D31BEF0F1A0ACD7C00E18F8D /* OCR_DemoTests.swift in Sources */,
			);
			runOnlyForDeploymentPostprocessing = 0;
		};
/* End PBXSourcesBuildPhase section */

/* Begin PBXTargetDependency section */
		D31BEF0A1A0ACD7C00E18F8D /* PBXTargetDependency */ = {
			isa = PBXTargetDependency;
			target = D31BEEF21A0ACD7C00E18F8D /* OCR Demo */;
			targetProxy = D31BEF091A0ACD7C00E18F8D /* PBXContainerItemProxy */;
		};
/* End PBXTargetDependency section */

/* Begin PBXVariantGroup section */
		D31BEEFC1A0ACD7C00E18F8D /* Main.storyboard */ = {
			isa = PBXVariantGroup;
			children = (
				D31BEEFD1A0ACD7C00E18F8D /* Base */,
			);
			name = Main.storyboard;
			sourceTree = "<group>";
		};
		D31BEF011A0ACD7C00E18F8D /* LaunchScreen.xib */ = {
			isa = PBXVariantGroup;
			children = (
				D31BEF021A0ACD7C00E18F8D /* Base */,
			);
			name = LaunchScreen.xib;
			sourceTree = "<group>";
		};
/* End PBXVariantGroup section */

/* Begin XCBuildConfiguration section */
		D31BEF101A0ACD7C00E18F8D /* Debug */ = {
			isa = XCBuildConfiguration;
			buildSettings = {
				ALWAYS_SEARCH_USER_PATHS = NO;
				CLANG_CXX_LANGUAGE_STANDARD = "gnu++0x";
				CLANG_CXX_LIBRARY = "libc++";
				CLANG_ENABLE_MODULES = YES;
				CLANG_ENABLE_OBJC_ARC = YES;
				CLANG_WARN_BOOL_CONVERSION = YES;
				CLANG_WARN_CONSTANT_CONVERSION = YES;
				CLANG_WARN_DIRECT_OBJC_ISA_USAGE = YES_ERROR;
				CLANG_WARN_EMPTY_BODY = YES;
				CLANG_WARN_ENUM_CONVERSION = YES;
				CLANG_WARN_INT_CONVERSION = YES;
				CLANG_WARN_OBJC_ROOT_CLASS = YES_ERROR;
				CLANG_WARN_UNREACHABLE_CODE = YES;
				CLANG_WARN__DUPLICATE_METHOD_MATCH = YES;
				"CODE_SIGN_IDENTITY[sdk=iphoneos*]" = "iPhone Developer";
				COPY_PHASE_STRIP = NO;
				ENABLE_STRICT_OBJC_MSGSEND = YES;
				GCC_C_LANGUAGE_STANDARD = gnu99;
				GCC_DYNAMIC_NO_PIC = NO;
				GCC_OPTIMIZATION_LEVEL = 0;
				GCC_PREPROCESSOR_DEFINITIONS = (
					"DEBUG=1",
					"$(inherited)",
				);
				GCC_SYMBOLS_PRIVATE_EXTERN = NO;
				GCC_WARN_64_TO_32_BIT_CONVERSION = YES;
				GCC_WARN_ABOUT_RETURN_TYPE = YES_ERROR;
				GCC_WARN_UNDECLARED_SELECTOR = YES;
				GCC_WARN_UNINITIALIZED_AUTOS = YES_AGGRESSIVE;
				GCC_WARN_UNUSED_FUNCTION = YES;
				GCC_WARN_UNUSED_VARIABLE = YES;
				IPHONEOS_DEPLOYMENT_TARGET = 8.1;
				MTL_ENABLE_DEBUG_INFO = YES;
				ONLY_ACTIVE_ARCH = YES;
				SDKROOT = iphoneos;
				SWIFT_OPTIMIZATION_LEVEL = "-Onone";
			};
			name = Debug;
		};
		D31BEF111A0ACD7C00E18F8D /* Release */ = {
			isa = XCBuildConfiguration;
			buildSettings = {
				ALWAYS_SEARCH_USER_PATHS = NO;
				CLANG_CXX_LANGUAGE_STANDARD = "gnu++0x";
				CLANG_CXX_LIBRARY = "libc++";
				CLANG_ENABLE_MODULES = YES;
				CLANG_ENABLE_OBJC_ARC = YES;
				CLANG_WARN_BOOL_CONVERSION = YES;
				CLANG_WARN_CONSTANT_CONVERSION = YES;
				CLANG_WARN_DIRECT_OBJC_ISA_USAGE = YES_ERROR;
				CLANG_WARN_EMPTY_BODY = YES;
				CLANG_WARN_ENUM_CONVERSION = YES;
				CLANG_WARN_INT_CONVERSION = YES;
				CLANG_WARN_OBJC_ROOT_CLASS = YES_ERROR;
				CLANG_WARN_UNREACHABLE_CODE = YES;
				CLANG_WARN__DUPLICATE_METHOD_MATCH = YES;
				"CODE_SIGN_IDENTITY[sdk=iphoneos*]" = "iPhone Developer";
				COPY_PHASE_STRIP = YES;
				ENABLE_NS_ASSERTIONS = NO;
				ENABLE_STRICT_OBJC_MSGSEND = YES;
				GCC_C_LANGUAGE_STANDARD = gnu99;
				GCC_WARN_64_TO_32_BIT_CONVERSION = YES;
				GCC_WARN_ABOUT_RETURN_TYPE = YES_ERROR;
				GCC_WARN_UNDECLARED_SELECTOR = YES;
				GCC_WARN_UNINITIALIZED_AUTOS = YES_AGGRESSIVE;
				GCC_WARN_UNUSED_FUNCTION = YES;
				GCC_WARN_UNUSED_VARIABLE = YES;
				IPHONEOS_DEPLOYMENT_TARGET = 8.1;
				MTL_ENABLE_DEBUG_INFO = NO;
				SDKROOT = iphoneos;
				VALIDATE_PRODUCT = YES;
			};
			name = Release;
		};
		D31BEF131A0ACD7C00E18F8D /* Debug */ = {
			isa = XCBuildConfiguration;
			buildSettings = {
				ASSETCATALOG_COMPILER_APPICON_NAME = AppIcon;
				INFOPLIST_FILE = "OCR Demo/Info.plist";
				LD_RUNPATH_SEARCH_PATHS = "$(inherited) @executable_path/Frameworks";
				PRODUCT_NAME = "$(TARGET_NAME)";
			};
			name = Debug;
		};
		D31BEF141A0ACD7C00E18F8D /* Release */ = {
			isa = XCBuildConfiguration;
			buildSettings = {
				ASSETCATALOG_COMPILER_APPICON_NAME = AppIcon;
				INFOPLIST_FILE = "OCR Demo/Info.plist";
				LD_RUNPATH_SEARCH_PATHS = "$(inherited) @executable_path/Frameworks";
				PRODUCT_NAME = "$(TARGET_NAME)";
			};
			name = Release;
		};
		D31BEF161A0ACD7C00E18F8D /* Debug */ = {
			isa = XCBuildConfiguration;
			buildSettings = {
				BUNDLE_LOADER = "$(TEST_HOST)";
				FRAMEWORK_SEARCH_PATHS = (
					"$(SDKROOT)/Developer/Library/Frameworks",
					"$(inherited)",
				);
				GCC_PREPROCESSOR_DEFINITIONS = (
					"DEBUG=1",
					"$(inherited)",
				);
				INFOPLIST_FILE = "OCR DemoTests/Info.plist";
				LD_RUNPATH_SEARCH_PATHS = "$(inherited) @executable_path/Frameworks @loader_path/Frameworks";
				PRODUCT_NAME = "$(TARGET_NAME)";
				TEST_HOST = "$(BUILT_PRODUCTS_DIR)/OCR Demo.app/OCR Demo";
			};
			name = Debug;
		};
		D31BEF171A0ACD7C00E18F8D /* Release */ = {
			isa = XCBuildConfiguration;
			buildSettings = {
				BUNDLE_LOADER = "$(TEST_HOST)";
				FRAMEWORK_SEARCH_PATHS = (
					"$(SDKROOT)/Developer/Library/Frameworks",
					"$(inherited)",
				);
				INFOPLIST_FILE = "OCR DemoTests/Info.plist";
				LD_RUNPATH_SEARCH_PATHS = "$(inherited) @executable_path/Frameworks @loader_path/Frameworks";
				PRODUCT_NAME = "$(TARGET_NAME)";
				TEST_HOST = "$(BUILT_PRODUCTS_DIR)/OCR Demo.app/OCR Demo";
			};
			name = Release;
		};
/* End XCBuildConfiguration section */

/* Begin XCConfigurationList section */
		D31BEEEE1A0ACD7C00E18F8D /* Build configuration list for PBXProject "OCR Demo" */ = {
			isa = XCConfigurationList;
			buildConfigurations = (
				D31BEF101A0ACD7C00E18F8D /* Debug */,
				D31BEF111A0ACD7C00E18F8D /* Release */,
			);
			defaultConfigurationIsVisible = 0;
			defaultConfigurationName = Release;
		};
		D31BEF121A0ACD7C00E18F8D /* Build configuration list for PBXNativeTarget "OCR Demo" */ = {
			isa = XCConfigurationList;
			buildConfigurations = (
				D31BEF131A0ACD7C00E18F8D /* Debug */,
				D31BEF141A0ACD7C00E18F8D /* Release */,
			);
			defaultConfigurationIsVisible = 0;
		};
		D31BEF151A0ACD7C00E18F8D /* Build configuration list for PBXNativeTarget "OCR DemoTests" */ = {
			isa = XCConfigurationList;
			buildConfigurations = (
				D31BEF161A0ACD7C00E18F8D /* Debug */,
				D31BEF171A0ACD7C00E18F8D /* Release */,
			);
			defaultConfigurationIsVisible = 0;
		};
/* End XCConfigurationList section */
	};
	rootObject = D31BEEEB1A0ACD7C00E18F8D /* Project object */;
}
